// !$*UTF8*$!
{
	archiveVersion = 1;
	classes = {
	};
	objectVersion = 50;
	objects = {

/* Begin PBXBuildFile section */
		3197D52923D39C1D00BE6712 /* AppDelegate.swift in Sources */ = {isa = PBXBuildFile; fileRef = 3197D52823D39C1D00BE6712 /* AppDelegate.swift */; };
		3197D52B23D39C1D00BE6712 /* SceneDelegate.swift in Sources */ = {isa = PBXBuildFile; fileRef = 3197D52A23D39C1D00BE6712 /* SceneDelegate.swift */; };
		3197D52D23D39C1D00BE6712 /* ViewController.swift in Sources */ = {isa = PBXBuildFile; fileRef = 3197D52C23D39C1D00BE6712 /* ViewController.swift */; };
		3197D53023D39C1D00BE6712 /* Main.storyboard in Resources */ = {isa = PBXBuildFile; fileRef = 3197D52E23D39C1D00BE6712 /* Main.storyboard */; };
		3197D53223D39C1E00BE6712 /* Assets.xcassets in Resources */ = {isa = PBXBuildFile; fileRef = 3197D53123D39C1E00BE6712 /* Assets.xcassets */; };
		3197D53523D39C1E00BE6712 /* LaunchScreen.storyboard in Resources */ = {isa = PBXBuildFile; fileRef = 3197D53323D39C1E00BE6712 /* LaunchScreen.storyboard */; };
/* End PBXBuildFile section */

/* Begin PBXContainerItemProxy section */
		3197D54923D511F100BE6712 /* PBXContainerItemProxy */ = {
			isa = PBXContainerItemProxy;
			containerPortal = 3197D54423D511F000BE6712 /* AudioKit For iOS.xcodeproj */;
			proxyType = 2;
			remoteGlobalIDString = C42F35001C057E03000E937C;
			remoteInfo = AudioKit;
		};
		3197D54B23D511F100BE6712 /* PBXContainerItemProxy */ = {
			isa = PBXContainerItemProxy;
			containerPortal = 3197D54423D511F000BE6712 /* AudioKit For iOS.xcodeproj */;
			proxyType = 2;
			remoteGlobalIDString = EA7D07011F4E63C200707706;
			remoteInfo = AudioKitUI;
		};
		3197D54D23D5121600BE6712 /* PBXContainerItemProxy */ = {
			isa = PBXContainerItemProxy;
			containerPortal = 3197D54423D511F000BE6712 /* AudioKit For iOS.xcodeproj */;
			proxyType = 1;
			remoteGlobalIDString = C42F34FF1C057E03000E937C;
			remoteInfo = AudioKit;
		};
/* End PBXContainerItemProxy section */

/* Begin PBXFileReference section */
		3197D52523D39C1D00BE6712 /* My Synth.app */ = {isa = PBXFileReference; explicitFileType = wrapper.application; includeInIndex = 0; path = "My Synth.app"; sourceTree = BUILT_PRODUCTS_DIR; };
		3197D52823D39C1D00BE6712 /* AppDelegate.swift */ = {isa = PBXFileReference; lastKnownFileType = sourcecode.swift; path = AppDelegate.swift; sourceTree = "<group>"; };
		3197D52A23D39C1D00BE6712 /* SceneDelegate.swift */ = {isa = PBXFileReference; lastKnownFileType = sourcecode.swift; path = SceneDelegate.swift; sourceTree = "<group>"; };
		3197D52C23D39C1D00BE6712 /* ViewController.swift */ = {isa = PBXFileReference; lastKnownFileType = sourcecode.swift; path = ViewController.swift; sourceTree = "<group>"; };
		3197D52F23D39C1D00BE6712 /* Base */ = {isa = PBXFileReference; lastKnownFileType = file.storyboard; name = Base; path = Base.lproj/Main.storyboard; sourceTree = "<group>"; };
		3197D53123D39C1E00BE6712 /* Assets.xcassets */ = {isa = PBXFileReference; lastKnownFileType = folder.assetcatalog; path = Assets.xcassets; sourceTree = "<group>"; };
		3197D53423D39C1E00BE6712 /* Base */ = {isa = PBXFileReference; lastKnownFileType = file.storyboard; name = Base; path = Base.lproj/LaunchScreen.storyboard; sourceTree = "<group>"; };
		3197D53623D39C1E00BE6712 /* Info.plist */ = {isa = PBXFileReference; lastKnownFileType = text.plist.xml; path = Info.plist; sourceTree = "<group>"; };
		3197D53F23D5107000BE6712 /* AudioKit.framework */ = {isa = PBXFileReference; lastKnownFileType = wrapper.framework; name = AudioKit.framework; path = "../../../Downloads/AudioKit-iOS/AudioKit.framework"; sourceTree = "<group>"; };
		3197D54323D5109300BE6712 /* AudioKit-master.zip */ = {isa = PBXFileReference; lastKnownFileType = archive.zip; name = "AudioKit-master.zip"; path = "../../../Downloads/AudioKit-master.zip"; sourceTree = "<group>"; };
		3197D54423D511F000BE6712 /* AudioKit For iOS.xcodeproj */ = {isa = PBXFileReference; lastKnownFileType = "wrapper.pb-project"; name = "AudioKit For iOS.xcodeproj"; path = "../../../../Downloads/AudioKit-master/AudioKit/iOS/AudioKit For iOS.xcodeproj"; sourceTree = "<group>"; };
/* End PBXFileReference section */

/* Begin PBXFrameworksBuildPhase section */
		3197D52223D39C1D00BE6712 /* Frameworks */ = {
			isa = PBXFrameworksBuildPhase;
			buildActionMask = 2147483647;
			files = (
			);
			runOnlyForDeploymentPostprocessing = 0;
		};
/* End PBXFrameworksBuildPhase section */

/* Begin PBXGroup section */
		3197D51C23D39C1D00BE6712 = {
			isa = PBXGroup;
			children = (
				3197D52723D39C1D00BE6712 /* My Synth */,
				3197D52623D39C1D00BE6712 /* Products */,
				3197D53E23D5107000BE6712 /* Frameworks */,
			);
			sourceTree = "<group>";
		};
		3197D52623D39C1D00BE6712 /* Products */ = {
			isa = PBXGroup;
			children = (
				3197D52523D39C1D00BE6712 /* My Synth.app */,
			);
			name = Products;
			sourceTree = "<group>";
		};
		3197D52723D39C1D00BE6712 /* My Synth */ = {
			isa = PBXGroup;
			children = (
				3197D54423D511F000BE6712 /* AudioKit For iOS.xcodeproj */,
				3197D52823D39C1D00BE6712 /* AppDelegate.swift */,
				3197D52A23D39C1D00BE6712 /* SceneDelegate.swift */,
				3197D52C23D39C1D00BE6712 /* ViewController.swift */,
				3197D52E23D39C1D00BE6712 /* Main.storyboard */,
				3197D53123D39C1E00BE6712 /* Assets.xcassets */,
				3197D53323D39C1E00BE6712 /* LaunchScreen.storyboard */,
				3197D53623D39C1E00BE6712 /* Info.plist */,
			);
			path = "My Synth";
			sourceTree = "<group>";
		};
		3197D53E23D5107000BE6712 /* Frameworks */ = {
			isa = PBXGroup;
			children = (
				3197D54323D5109300BE6712 /* AudioKit-master.zip */,
				3197D53F23D5107000BE6712 /* AudioKit.framework */,
			);
			name = Frameworks;
			sourceTree = "<group>";
		};
		3197D54523D511F000BE6712 /* Products */ = {
			isa = PBXGroup;
			children = (
				3197D54A23D511F100BE6712 /* AudioKit.framework */,
				3197D54C23D511F100BE6712 /* AudioKitUI.framework */,
			);
			name = Products;
			sourceTree = "<group>";
		};
/* End PBXGroup section */

/* Begin PBXNativeTarget section */
		3197D52423D39C1D00BE6712 /* My Synth */ = {
			isa = PBXNativeTarget;
			buildConfigurationList = 3197D53923D39C1E00BE6712 /* Build configuration list for PBXNativeTarget "My Synth" */;
			buildPhases = (
				3197D52123D39C1D00BE6712 /* Sources */,
				3197D52223D39C1D00BE6712 /* Frameworks */,
				3197D52323D39C1D00BE6712 /* Resources */,
			);
			buildRules = (
			);
			dependencies = (
				3197D54E23D5121600BE6712 /* PBXTargetDependency */,
			);
			name = "My Synth";
			productName = "My Synth";
			productReference = 3197D52523D39C1D00BE6712 /* My Synth.app */;
			productType = "com.apple.product-type.application";
		};
/* End PBXNativeTarget section */

/* Begin PBXProject section */
		3197D51D23D39C1D00BE6712 /* Project object */ = {
			isa = PBXProject;
			attributes = {
				LastSwiftUpdateCheck = 1110;
				LastUpgradeCheck = 1110;
				ORGANIZATIONNAME = "Ekjot Multani";
				TargetAttributes = {
					3197D52423D39C1D00BE6712 = {
						CreatedOnToolsVersion = 11.1;
					};
				};
			};
			buildConfigurationList = 3197D52023D39C1D00BE6712 /* Build configuration list for PBXProject "My Synth" */;
			compatibilityVersion = "Xcode 9.3";
			developmentRegion = en;
			hasScannedForEncodings = 0;
			knownRegions = (
				en,
				Base,
			);
			mainGroup = 3197D51C23D39C1D00BE6712;
			productRefGroup = 3197D52623D39C1D00BE6712 /* Products */;
			projectDirPath = "";
			projectReferences = (
				{
					ProductGroup = 3197D54523D511F000BE6712 /* Products */;
					ProjectRef = 3197D54423D511F000BE6712 /* AudioKit For iOS.xcodeproj */;
				},
			);
			projectRoot = "";
			targets = (
				3197D52423D39C1D00BE6712 /* My Synth */,
			);
		};
/* End PBXProject section */

/* Begin PBXReferenceProxy section */
		3197D54A23D511F100BE6712 /* AudioKit.framework */ = {
			isa = PBXReferenceProxy;
			fileType = wrapper.framework;
			path = AudioKit.framework;
			remoteRef = 3197D54923D511F100BE6712 /* PBXContainerItemProxy */;
			sourceTree = BUILT_PRODUCTS_DIR;
		};
		3197D54C23D511F100BE6712 /* AudioKitUI.framework */ = {
			isa = PBXReferenceProxy;
			fileType = wrapper.framework;
			path = AudioKitUI.framework;
			remoteRef = 3197D54B23D511F100BE6712 /* PBXContainerItemProxy */;
			sourceTree = BUILT_PRODUCTS_DIR;
		};
/* End PBXReferenceProxy section */

/* Begin PBXResourcesBuildPhase section */
		3197D52323D39C1D00BE6712 /* Resources */ = {
			isa = PBXResourcesBuildPhase;
			buildActionMask = 2147483647;
			files = (
				3197D53523D39C1E00BE6712 /* LaunchScreen.storyboard in Resources */,
				3197D53223D39C1E00BE6712 /* Assets.xcassets in Resources */,
				3197D53023D39C1D00BE6712 /* Main.storyboard in Resources */,
			);
			runOnlyForDeploymentPostprocessing = 0;
		};
/* End PBXResourcesBuildPhase section */

/* Begin PBXSourcesBuildPhase section */
		3197D52123D39C1D00BE6712 /* Sources */ = {
			isa = PBXSourcesBuildPhase;
			buildActionMask = 2147483647;
			files = (
				3197D52D23D39C1D00BE6712 /* ViewController.swift in Sources */,
				3197D52923D39C1D00BE6712 /* AppDelegate.swift in Sources */,
				3197D52B23D39C1D00BE6712 /* SceneDelegate.swift in Sources */,
			);
			runOnlyForDeploymentPostprocessing = 0;
		};
/* End PBXSourcesBuildPhase section */

/* Begin PBXTargetDependency section */
		3197D54E23D5121600BE6712 /* PBXTargetDependency */ = {
			isa = PBXTargetDependency;
			name = AudioKit;
			targetProxy = 3197D54D23D5121600BE6712 /* PBXContainerItemProxy */;
		};
/* End PBXTargetDependency section */

/* Begin PBXVariantGroup section */
		3197D52E23D39C1D00BE6712 /* Main.storyboard */ = {
			isa = PBXVariantGroup;
			children = (
				3197D52F23D39C1D00BE6712 /* Base */,
			);
			name = Main.storyboard;
			sourceTree = "<group>";
		};
		3197D53323D39C1E00BE6712 /* LaunchScreen.storyboard */ = {
			isa = PBXVariantGroup;
			children = (
				3197D53423D39C1E00BE6712 /* Base */,
			);
			name = LaunchScreen.storyboard;
			sourceTree = "<group>";
		};
/* End PBXVariantGroup section */

/* Begin XCBuildConfiguration section */
		3197D53723D39C1E00BE6712 /* Debug */ = {
			isa = XCBuildConfiguration;
			buildSettings = {
				ALWAYS_SEARCH_USER_PATHS = NO;
				CLANG_ANALYZER_NONNULL = YES;
				CLANG_ANALYZER_NUMBER_OBJECT_CONVERSION = YES_AGGRESSIVE;
				CLANG_CXX_LANGUAGE_STANDARD = "gnu++14";
				CLANG_CXX_LIBRARY = "libc++";
				CLANG_ENABLE_MODULES = YES;
				CLANG_ENABLE_OBJC_ARC = YES;
				CLANG_ENABLE_OBJC_WEAK = YES;
				CLANG_WARN_BLOCK_CAPTURE_AUTORELEASING = YES;
				CLANG_WARN_BOOL_CONVERSION = YES;
				CLANG_WARN_COMMA = YES;
				CLANG_WARN_CONSTANT_CONVERSION = YES;
				CLANG_WARN_DEPRECATED_OBJC_IMPLEMENTATIONS = YES;
				CLANG_WARN_DIRECT_OBJC_ISA_USAGE = YES_ERROR;
				CLANG_WARN_DOCUMENTATION_COMMENTS = YES;
				CLANG_WARN_EMPTY_BODY = YES;
				CLANG_WARN_ENUM_CONVERSION = YES;
				CLANG_WARN_INFINITE_RECURSION = YES;
				CLANG_WARN_INT_CONVERSION = YES;
				CLANG_WARN_NON_LITERAL_NULL_CONVERSION = YES;
				CLANG_WARN_OBJC_IMPLICIT_RETAIN_SELF = YES;
				CLANG_WARN_OBJC_LITERAL_CONVERSION = YES;
				CLANG_WARN_OBJC_ROOT_CLASS = YES_ERROR;
				CLANG_WARN_RANGE_LOOP_ANALYSIS = YES;
				CLANG_WARN_STRICT_PROTOTYPES = YES;
				CLANG_WARN_SUSPICIOUS_MOVE = YES;
				CLANG_WARN_UNGUARDED_AVAILABILITY = YES_AGGRESSIVE;
				CLANG_WARN_UNREACHABLE_CODE = YES;
				CLANG_WARN__DUPLICATE_METHOD_MATCH = YES;
				COPY_PHASE_STRIP = NO;
				DEBUG_INFORMATION_FORMAT = dwarf;
				ENABLE_STRICT_OBJC_MSGSEND = YES;
				ENABLE_TESTABILITY = YES;
				GCC_C_LANGUAGE_STANDARD = gnu11;
				GCC_DYNAMIC_NO_PIC = NO;
				GCC_NO_COMMON_BLOCKS = YES;
				GCC_OPTIMIZATION_LEVEL = 0;
				GCC_PREPROCESSOR_DEFINITIONS = (
					"DEBUG=1",
					"$(inherited)",
				);
				GCC_WARN_64_TO_32_BIT_CONVERSION = YES;
				GCC_WARN_ABOUT_RETURN_TYPE = YES_ERROR;
				GCC_WARN_UNDECLARED_SELECTOR = YES;
				GCC_WARN_UNINITIALIZED_AUTOS = YES_AGGRESSIVE;
				GCC_WARN_UNUSED_FUNCTION = YES;
				GCC_WARN_UNUSED_VARIABLE = YES;
				IPHONEOS_DEPLOYMENT_TARGET = 13.1;
				MTL_ENABLE_DEBUG_INFO = INCLUDE_SOURCE;
				MTL_FAST_MATH = YES;
				ONLY_ACTIVE_ARCH = YES;
				SDKROOT = iphoneos;
				SWIFT_ACTIVE_COMPILATION_CONDITIONS = DEBUG;
				SWIFT_OPTIMIZATION_LEVEL = "-Onone";
			};
			name = Debug;
		};
		3197D53823D39C1E00BE6712 /* Release */ = {
			isa = XCBuildConfiguration;
			buildSettings = {
				ALWAYS_SEARCH_USER_PATHS = NO;
				CLANG_ANALYZER_NONNULL = YES;
				CLANG_ANALYZER_NUMBER_OBJECT_CONVERSION = YES_AGGRESSIVE;
				CLANG_CXX_LANGUAGE_STANDARD = "gnu++14";
				CLANG_CXX_LIBRARY = "libc++";
				CLANG_ENABLE_MODULES = YES;
				CLANG_ENABLE_OBJC_ARC = YES;
				CLANG_ENABLE_OBJC_WEAK = YES;
				CLANG_WARN_BLOCK_CAPTURE_AUTORELEASING = YES;
				CLANG_WARN_BOOL_CONVERSION = YES;
				CLANG_WARN_COMMA = YES;
				CLANG_WARN_CONSTANT_CONVERSION = YES;
				CLANG_WARN_DEPRECATED_OBJC_IMPLEMENTATIONS = YES;
				CLANG_WARN_DIRECT_OBJC_ISA_USAGE = YES_ERROR;
				CLANG_WARN_DOCUMENTATION_COMMENTS = YES;
				CLANG_WARN_EMPTY_BODY = YES;
				CLANG_WARN_ENUM_CONVERSION = YES;
				CLANG_WARN_INFINITE_RECURSION = YES;
				CLANG_WARN_INT_CONVERSION = YES;
				CLANG_WARN_NON_LITERAL_NULL_CONVERSION = YES;
				CLANG_WARN_OBJC_IMPLICIT_RETAIN_SELF = YES;
				CLANG_WARN_OBJC_LITERAL_CONVERSION = YES;
				CLANG_WARN_OBJC_ROOT_CLASS = YES_ERROR;
				CLANG_WARN_RANGE_LOOP_ANALYSIS = YES;
				CLANG_WARN_STRICT_PROTOTYPES = YES;
				CLANG_WARN_SUSPICIOUS_MOVE = YES;
				CLANG_WARN_UNGUARDED_AVAILABILITY = YES_AGGRESSIVE;
				CLANG_WARN_UNREACHABLE_CODE = YES;
				CLANG_WARN__DUPLICATE_METHOD_MATCH = YES;
				COPY_PHASE_STRIP = NO;
				DEBUG_INFORMATION_FORMAT = "dwarf-with-dsym";
				ENABLE_NS_ASSERTIONS = NO;
				ENABLE_STRICT_OBJC_MSGSEND = YES;
				GCC_C_LANGUAGE_STANDARD = gnu11;
				GCC_NO_COMMON_BLOCKS = YES;
				GCC_WARN_64_TO_32_BIT_CONVERSION = YES;
				GCC_WARN_ABOUT_RETURN_TYPE = YES_ERROR;
				GCC_WARN_UNDECLARED_SELECTOR = YES;
				GCC_WARN_UNINITIALIZED_AUTOS = YES_AGGRESSIVE;
				GCC_WARN_UNUSED_FUNCTION = YES;
				GCC_WARN_UNUSED_VARIABLE = YES;
				IPHONEOS_DEPLOYMENT_TARGET = 13.1;
				MTL_ENABLE_DEBUG_INFO = NO;
				MTL_FAST_MATH = YES;
				SDKROOT = iphoneos;
				SWIFT_COMPILATION_MODE = wholemodule;
				SWIFT_OPTIMIZATION_LEVEL = "-O";
				VALIDATE_PRODUCT = YES;
			};
			name = Release;
		};
		3197D53A23D39C1E00BE6712 /* Debug */ = {
			isa = XCBuildConfiguration;
			buildSettings = {
				ASSETCATALOG_COMPILER_APPICON_NAME = AppIcon;
				CODE_SIGN_STYLE = Automatic;
				DEVELOPMENT_TEAM = SB9KYUGM7H;
				INFOPLIST_FILE = "My Synth/Info.plist";
				LD_RUNPATH_SEARCH_PATHS = (
					"$(inherited)",
					"@executable_path/Frameworks",
				);
				"OTHER_LDFLAGS[arch=*]" = "-lc++";
				PRODUCT_BUNDLE_IDENTIFIER = "com.example.My-Synth";
				PRODUCT_NAME = "$(TARGET_NAME)";
				SWIFT_VERSION = 5.0;
				TARGETED_DEVICE_FAMILY = "1,2";
			};
			name = Debug;
		};
		3197D53B23D39C1E00BE6712 /* Release */ = {
			isa = XCBuildConfiguration;
			buildSettings = {
				ASSETCATALOG_COMPILER_APPICON_NAME = AppIcon;
				CODE_SIGN_STYLE = Automatic;
				DEVELOPMENT_TEAM = SB9KYUGM7H;
				INFOPLIST_FILE = "My Synth/Info.plist";
				LD_RUNPATH_SEARCH_PATHS = (
					"$(inherited)",
					"@executable_path/Frameworks",
				);
				"OTHER_LDFLAGS[arch=*]" = "-lc++";
				PRODUCT_BUNDLE_IDENTIFIER = "com.example.My-Synth";
				PRODUCT_NAME = "$(TARGET_NAME)";
				SWIFT_VERSION = 5.0;
				TARGETED_DEVICE_FAMILY = "1,2";
			};
			name = Release;
		};
/* End XCBuildConfiguration section */

/* Begin XCConfigurationList section */
		3197D52023D39C1D00BE6712 /* Build configuration list for PBXProject "My Synth" */ = {
			isa = XCConfigurationList;
			buildConfigurations = (
				3197D53723D39C1E00BE6712 /* Debug */,
				3197D53823D39C1E00BE6712 /* Release */,
			);
			defaultConfigurationIsVisible = 0;
			defaultConfigurationName = Release;
		};
		3197D53923D39C1E00BE6712 /* Build configuration list for PBXNativeTarget "My Synth" */ = {
			isa = XCConfigurationList;
			buildConfigurations = (
				3197D53A23D39C1E00BE6712 /* Debug */,
				3197D53B23D39C1E00BE6712 /* Release */,
			);
			defaultConfigurationIsVisible = 0;
			defaultConfigurationName = Release;
		};
/* End XCConfigurationList section */
	};
	rootObject = 3197D51D23D39C1D00BE6712 /* Project object */;
}
